// !$*UTF8*$!
{
	archiveVersion = 1;
	classes = {
	};
	objectVersion = 48;
	objects = {

/* Begin PBXBuildFile section */
		F515806F200ADE9F00F6329D /* AppDelegate.swift in Sources */ = {isa = PBXBuildFile; fileRef = F515806E200ADE9F00F6329D /* AppDelegate.swift */; };
		F5158074200ADE9F00F6329D /* Main.storyboard in Resources */ = {isa = PBXBuildFile; fileRef = F5158072200ADE9F00F6329D /* Main.storyboard */; };
		F5158076200ADE9F00F6329D /* Assets.xcassets in Resources */ = {isa = PBXBuildFile; fileRef = F5158075200ADE9F00F6329D /* Assets.xcassets */; };
		F5158079200ADE9F00F6329D /* LaunchScreen.storyboard in Resources */ = {isa = PBXBuildFile; fileRef = F5158077200ADE9F00F6329D /* LaunchScreen.storyboard */; };
		F5158081200ADF8600F6329D /* RestaurantTableTableViewController.swift in Sources */ = {isa = PBXBuildFile; fileRef = F5158080200ADF8600F6329D /* RestaurantTableTableViewController.swift */; };
		F5158083200B034E00F6329D /* RestaurantTableViewCell.swift in Sources */ = {isa = PBXBuildFile; fileRef = F5158082200B034E00F6329D /* RestaurantTableViewCell.swift */; };
		F5335C82203F72BA003A8BC7 /* RestaurantDetailIconTextCell.swift in Sources */ = {isa = PBXBuildFile; fileRef = F5335C81203F72BA003A8BC7 /* RestaurantDetailIconTextCell.swift */; };
		F5335C84203F76CD003A8BC7 /* RestaurantDetailTextCell.swift in Sources */ = {isa = PBXBuildFile; fileRef = F5335C83203F76CD003A8BC7 /* RestaurantDetailTextCell.swift */; };
		F53B3B89203B70AC00848618 /* Rubik-MediumItalic.ttf in Resources */ = {isa = PBXBuildFile; fileRef = F53B3B7E203B70A600848618 /* Rubik-MediumItalic.ttf */; };
		F53B3B8A203B70AC00848618 /* Rubik-Black.ttf in Resources */ = {isa = PBXBuildFile; fileRef = F53B3B7F203B70A700848618 /* Rubik-Black.ttf */; };
		F53B3B8B203B70AC00848618 /* Rubik-BlackItalic.ttf in Resources */ = {isa = PBXBuildFile; fileRef = F53B3B80203B70A700848618 /* Rubik-BlackItalic.ttf */; };
		F53B3B8C203B70AC00848618 /* Rubik-Italic.ttf in Resources */ = {isa = PBXBuildFile; fileRef = F53B3B81203B70A800848618 /* Rubik-Italic.ttf */; };
		F53B3B8D203B70AC00848618 /* Rubik-Bold.ttf in Resources */ = {isa = PBXBuildFile; fileRef = F53B3B82203B70A800848618 /* Rubik-Bold.ttf */; };
		F53B3B8E203B70AC00848618 /* Rubik-BoldItalic.ttf in Resources */ = {isa = PBXBuildFile; fileRef = F53B3B83203B70A900848618 /* Rubik-BoldItalic.ttf */; };
		F53B3B8F203B70AC00848618 /* OFL.txt in Resources */ = {isa = PBXBuildFile; fileRef = F53B3B84203B70A900848618 /* OFL.txt */; };
		F53B3B90203B70AC00848618 /* Rubik-Light.ttf in Resources */ = {isa = PBXBuildFile; fileRef = F53B3B85203B70AA00848618 /* Rubik-Light.ttf */; };
		F53B3B91203B70AC00848618 /* Rubik-LightItalic.ttf in Resources */ = {isa = PBXBuildFile; fileRef = F53B3B86203B70AA00848618 /* Rubik-LightItalic.ttf */; };
		F53B3B92203B70AC00848618 /* Rubik-Medium.ttf in Resources */ = {isa = PBXBuildFile; fileRef = F53B3B87203B70AB00848618 /* Rubik-Medium.ttf */; };
		F53B3B93203B70AC00848618 /* Rubik-Regular.ttf in Resources */ = {isa = PBXBuildFile; fileRef = F53B3B88203B70AB00848618 /* Rubik-Regular.ttf */; };
		F53B3B97203E426200848618 /* RestaurantDetailHeaderView.swift in Sources */ = {isa = PBXBuildFile; fileRef = F53B3B96203E426200848618 /* RestaurantDetailHeaderView.swift */; };
		F5D9CD86203A6C3600C32988 /* Restaurant.swift in Sources */ = {isa = PBXBuildFile; fileRef = F5D9CD85203A6C3600C32988 /* Restaurant.swift */; };
		F5F727792038C4620023F823 /* RestaurantDetailViewController.swift in Sources */ = {isa = PBXBuildFile; fileRef = F5F727782038C4620023F823 /* RestaurantDetailViewController.swift */; };
/* End PBXBuildFile section */

/* Begin PBXFileReference section */
		F515806B200ADE9E00F6329D /* Food Pin.app */ = {isa = PBXFileReference; explicitFileType = wrapper.application; includeInIndex = 0; path = "Food Pin.app"; sourceTree = BUILT_PRODUCTS_DIR; };
		F515806E200ADE9F00F6329D /* AppDelegate.swift */ = {isa = PBXFileReference; lastKnownFileType = sourcecode.swift; path = AppDelegate.swift; sourceTree = "<group>"; };
		F5158073200ADE9F00F6329D /* Base */ = {isa = PBXFileReference; lastKnownFileType = file.storyboard; name = Base; path = Base.lproj/Main.storyboard; sourceTree = "<group>"; };
		F5158075200ADE9F00F6329D /* Assets.xcassets */ = {isa = PBXFileReference; lastKnownFileType = folder.assetcatalog; path = Assets.xcassets; sourceTree = "<group>"; };
		F5158078200ADE9F00F6329D /* Base */ = {isa = PBXFileReference; lastKnownFileType = file.storyboard; name = Base; path = Base.lproj/LaunchScreen.storyboard; sourceTree = "<group>"; };
		F515807A200ADE9F00F6329D /* Info.plist */ = {isa = PBXFileReference; lastKnownFileType = text.plist.xml; path = Info.plist; sourceTree = "<group>"; };
		F5158080200ADF8600F6329D /* RestaurantTableTableViewController.swift */ = {isa = PBXFileReference; lastKnownFileType = sourcecode.swift; path = RestaurantTableTableViewController.swift; sourceTree = "<group>"; };
		F5158082200B034E00F6329D /* RestaurantTableViewCell.swift */ = {isa = PBXFileReference; lastKnownFileType = sourcecode.swift; path = RestaurantTableViewCell.swift; sourceTree = "<group>"; };
		F5335C81203F72BA003A8BC7 /* RestaurantDetailIconTextCell.swift */ = {isa = PBXFileReference; lastKnownFileType = sourcecode.swift; path = RestaurantDetailIconTextCell.swift; sourceTree = "<group>"; };
		F5335C83203F76CD003A8BC7 /* RestaurantDetailTextCell.swift */ = {isa = PBXFileReference; lastKnownFileType = sourcecode.swift; path = RestaurantDetailTextCell.swift; sourceTree = "<group>"; };
		F53B3B7E203B70A600848618 /* Rubik-MediumItalic.ttf */ = {isa = PBXFileReference; lastKnownFileType = file; path = "Rubik-MediumItalic.ttf"; sourceTree = "<group>"; };
		F53B3B7F203B70A700848618 /* Rubik-Black.ttf */ = {isa = PBXFileReference; lastKnownFileType = file; path = "Rubik-Black.ttf"; sourceTree = "<group>"; };
		F53B3B80203B70A700848618 /* Rubik-BlackItalic.ttf */ = {isa = PBXFileReference; lastKnownFileType = file; path = "Rubik-BlackItalic.ttf"; sourceTree = "<group>"; };
		F53B3B81203B70A800848618 /* Rubik-Italic.ttf */ = {isa = PBXFileReference; lastKnownFileType = file; path = "Rubik-Italic.ttf"; sourceTree = "<group>"; };
		F53B3B82203B70A800848618 /* Rubik-Bold.ttf */ = {isa = PBXFileReference; lastKnownFileType = file; path = "Rubik-Bold.ttf"; sourceTree = "<group>"; };
		F53B3B83203B70A900848618 /* Rubik-BoldItalic.ttf */ = {isa = PBXFileReference; lastKnownFileType = file; path = "Rubik-BoldItalic.ttf"; sourceTree = "<group>"; };
		F53B3B84203B70A900848618 /* OFL.txt */ = {isa = PBXFileReference; fileEncoding = 4; lastKnownFileType = text; path = OFL.txt; sourceTree = "<group>"; };
		F53B3B85203B70AA00848618 /* Rubik-Light.ttf */ = {isa = PBXFileReference; lastKnownFileType = file; path = "Rubik-Light.ttf"; sourceTree = "<group>"; };
		F53B3B86203B70AA00848618 /* Rubik-LightItalic.ttf */ = {isa = PBXFileReference; lastKnownFileType = file; path = "Rubik-LightItalic.ttf"; sourceTree = "<group>"; };
		F53B3B87203B70AB00848618 /* Rubik-Medium.ttf */ = {isa = PBXFileReference; lastKnownFileType = file; path = "Rubik-Medium.ttf"; sourceTree = "<group>"; };
		F53B3B88203B70AB00848618 /* Rubik-Regular.ttf */ = {isa = PBXFileReference; lastKnownFileType = file; path = "Rubik-Regular.ttf"; sourceTree = "<group>"; };
		F53B3B96203E426200848618 /* RestaurantDetailHeaderView.swift */ = {isa = PBXFileReference; lastKnownFileType = sourcecode.swift; path = RestaurantDetailHeaderView.swift; sourceTree = "<group>"; };
		F5D9CD85203A6C3600C32988 /* Restaurant.swift */ = {isa = PBXFileReference; lastKnownFileType = sourcecode.swift; path = Restaurant.swift; sourceTree = "<group>"; };
		F5F727782038C4620023F823 /* RestaurantDetailViewController.swift */ = {isa = PBXFileReference; lastKnownFileType = sourcecode.swift; path = RestaurantDetailViewController.swift; sourceTree = "<group>"; };
/* End PBXFileReference section */

/* Begin PBXFrameworksBuildPhase section */
		F5158068200ADE9E00F6329D /* Frameworks */ = {
			isa = PBXFrameworksBuildPhase;
			buildActionMask = 2147483647;
			files = (
			);
			runOnlyForDeploymentPostprocessing = 0;
		};
/* End PBXFrameworksBuildPhase section */

/* Begin PBXGroup section */
		F5158062200ADE9E00F6329D = {
			isa = PBXGroup;
			children = (
				F515806D200ADE9E00F6329D /* Food Pin */,
				F515806C200ADE9E00F6329D /* Products */,
			);
			sourceTree = "<group>";
		};
		F515806C200ADE9E00F6329D /* Products */ = {
			isa = PBXGroup;
			children = (
				F515806B200ADE9E00F6329D /* Food Pin.app */,
			);
			name = Products;
			sourceTree = "<group>";
		};
		F515806D200ADE9E00F6329D /* Food Pin */ = {
			isa = PBXGroup;
			children = (
				F5158084200B04E400F6329D /* Resources */,
				F5D9CD8A203A7AE400C32988 /* Storyboard */,
				F5D9CD88203A7A6400C32988 /* View */,
				F5D9CD87203A7A4F00C32988 /* Controller */,
				F5D9CD89203A7A7100C32988 /* Model */,
				F5158075200ADE9F00F6329D /* Assets.xcassets */,
			);
			path = "Food Pin";
			sourceTree = "<group>";
		};
		F5158084200B04E400F6329D /* Resources */ = {
			isa = PBXGroup;
			children = (
				F53B3B7D203B705A00848618 /* Fonts */,
				F515807A200ADE9F00F6329D /* Info.plist */,
				F515806E200ADE9F00F6329D /* AppDelegate.swift */,
			);
			path = Resources;
			sourceTree = "<group>";
		};
		F53B3B7D203B705A00848618 /* Fonts */ = {
			isa = PBXGroup;
			children = (
				F53B3B84203B70A900848618 /* OFL.txt */,
				F53B3B7F203B70A700848618 /* Rubik-Black.ttf */,
				F53B3B80203B70A700848618 /* Rubik-BlackItalic.ttf */,
				F53B3B82203B70A800848618 /* Rubik-Bold.ttf */,
				F53B3B83203B70A900848618 /* Rubik-BoldItalic.ttf */,
				F53B3B81203B70A800848618 /* Rubik-Italic.ttf */,
				F53B3B85203B70AA00848618 /* Rubik-Light.ttf */,
				F53B3B86203B70AA00848618 /* Rubik-LightItalic.ttf */,
				F53B3B87203B70AB00848618 /* Rubik-Medium.ttf */,
				F53B3B7E203B70A600848618 /* Rubik-MediumItalic.ttf */,
				F53B3B88203B70AB00848618 /* Rubik-Regular.ttf */,
			);
			path = Fonts;
			sourceTree = "<group>";
		};
		F5D9CD87203A7A4F00C32988 /* Controller */ = {
			isa = PBXGroup;
			children = (
				F5158080200ADF8600F6329D /* RestaurantTableTableViewController.swift */,
				F5F727782038C4620023F823 /* RestaurantDetailViewController.swift */,
			);
			path = Controller;
			sourceTree = "<group>";
		};
		F5D9CD88203A7A6400C32988 /* View */ = {
			isa = PBXGroup;
			children = (
				F53B3B96203E426200848618 /* RestaurantDetailHeaderView.swift */,
				F5158082200B034E00F6329D /* RestaurantTableViewCell.swift */,
				F5335C81203F72BA003A8BC7 /* RestaurantDetailIconTextCell.swift */,
				F5335C83203F76CD003A8BC7 /* RestaurantDetailTextCell.swift */,
			);
			path = View;
			sourceTree = "<group>";
		};
		F5D9CD89203A7A7100C32988 /* Model */ = {
			isa = PBXGroup;
			children = (
				F5D9CD85203A6C3600C32988 /* Restaurant.swift */,
			);
			path = Model;
			sourceTree = "<group>";
		};
		F5D9CD8A203A7AE400C32988 /* Storyboard */ = {
			isa = PBXGroup;
			children = (
				F5158072200ADE9F00F6329D /* Main.storyboard */,
				F5158077200ADE9F00F6329D /* LaunchScreen.storyboard */,
			);
			path = Storyboard;
			sourceTree = "<group>";
		};
/* End PBXGroup section */

/* Begin PBXNativeTarget section */
		F515806A200ADE9E00F6329D /* Food Pin */ = {
			isa = PBXNativeTarget;
			buildConfigurationList = F515807D200ADE9F00F6329D /* Build configuration list for PBXNativeTarget "Food Pin" */;
			buildPhases = (
				F5158067200ADE9E00F6329D /* Sources */,
				F5158068200ADE9E00F6329D /* Frameworks */,
				F5158069200ADE9E00F6329D /* Resources */,
			);
			buildRules = (
			);
			dependencies = (
			);
			name = "Food Pin";
			productName = "Food Pin";
			productReference = F515806B200ADE9E00F6329D /* Food Pin.app */;
			productType = "com.apple.product-type.application";
		};
/* End PBXNativeTarget section */

/* Begin PBXProject section */
		F5158063200ADE9E00F6329D /* Project object */ = {
			isa = PBXProject;
			attributes = {
				LastSwiftUpdateCheck = 0920;
				LastUpgradeCheck = 0920;
				ORGANIZATIONNAME = "Tim Moore";
				TargetAttributes = {
					F515806A200ADE9E00F6329D = {
						CreatedOnToolsVersion = 9.2;
						ProvisioningStyle = Automatic;
					};
				};
			};
			buildConfigurationList = F5158066200ADE9E00F6329D /* Build configuration list for PBXProject "Food Pin" */;
			compatibilityVersion = "Xcode 8.0";
			developmentRegion = en;
			hasScannedForEncodings = 0;
			knownRegions = (
				en,
				Base,
			);
			mainGroup = F5158062200ADE9E00F6329D;
			productRefGroup = F515806C200ADE9E00F6329D /* Products */;
			projectDirPath = "";
			projectRoot = "";
			targets = (
				F515806A200ADE9E00F6329D /* Food Pin */,
			);
		};
/* End PBXProject section */

/* Begin PBXResourcesBuildPhase section */
		F5158069200ADE9E00F6329D /* Resources */ = {
			isa = PBXResourcesBuildPhase;
			buildActionMask = 2147483647;
			files = (
				F53B3B8F203B70AC00848618 /* OFL.txt in Resources */,
				F53B3B93203B70AC00848618 /* Rubik-Regular.ttf in Resources */,
				F5158079200ADE9F00F6329D /* LaunchScreen.storyboard in Resources */,
				F5158076200ADE9F00F6329D /* Assets.xcassets in Resources */,
				F53B3B8B203B70AC00848618 /* Rubik-BlackItalic.ttf in Resources */,
				F5158074200ADE9F00F6329D /* Main.storyboard in Resources */,
				F53B3B8C203B70AC00848618 /* Rubik-Italic.ttf in Resources */,
				F53B3B8D203B70AC00848618 /* Rubik-Bold.ttf in Resources */,
				F53B3B8A203B70AC00848618 /* Rubik-Black.ttf in Resources */,
				F53B3B8E203B70AC00848618 /* Rubik-BoldItalic.ttf in Resources */,
				F53B3B92203B70AC00848618 /* Rubik-Medium.ttf in Resources */,
				F53B3B91203B70AC00848618 /* Rubik-LightItalic.ttf in Resources */,
				F53B3B89203B70AC00848618 /* Rubik-MediumItalic.ttf in Resources */,
				F53B3B90203B70AC00848618 /* Rubik-Light.ttf in Resources */,
			);
			runOnlyForDeploymentPostprocessing = 0;
		};
/* End PBXResourcesBuildPhase section */

/* Begin PBXSourcesBuildPhase section */
		F5158067200ADE9E00F6329D /* Sources */ = {
			isa = PBXSourcesBuildPhase;
			buildActionMask = 2147483647;
			files = (
				F53B3B97203E426200848618 /* RestaurantDetailHeaderView.swift in Sources */,
				F5D9CD86203A6C3600C32988 /* Restaurant.swift in Sources */,
				F5335C84203F76CD003A8BC7 /* RestaurantDetailTextCell.swift in Sources */,
				F515806F200ADE9F00F6329D /* AppDelegate.swift in Sources */,
				F5158083200B034E00F6329D /* RestaurantTableViewCell.swift in Sources */,
				F5F727792038C4620023F823 /* RestaurantDetailViewController.swift in Sources */,
				F5335C82203F72BA003A8BC7 /* RestaurantDetailIconTextCell.swift in Sources */,
				F5158081200ADF8600F6329D /* RestaurantTableTableViewController.swift in Sources */,
			);
			runOnlyForDeploymentPostprocessing = 0;
		};
/* End PBXSourcesBuildPhase section */

/* Begin PBXVariantGroup section */
		F5158072200ADE9F00F6329D /* Main.storyboard */ = {
			isa = PBXVariantGroup;
			children = (
				F5158073200ADE9F00F6329D /* Base */,
			);
			name = Main.storyboard;
			sourceTree = "<group>";
		};
		F5158077200ADE9F00F6329D /* LaunchScreen.storyboard */ = {
			isa = PBXVariantGroup;
			children = (
				F5158078200ADE9F00F6329D /* Base */,
			);
			name = LaunchScreen.storyboard;
			sourceTree = "<group>";
		};
/* End PBXVariantGroup section */

/* Begin XCBuildConfiguration section */
		F515807B200ADE9F00F6329D /* Debug */ = {
			isa = XCBuildConfiguration;
			buildSettings = {
				ALWAYS_SEARCH_USER_PATHS = NO;
				CLANG_ANALYZER_NONNULL = YES;
				CLANG_ANALYZER_NUMBER_OBJECT_CONVERSION = YES_AGGRESSIVE;
				CLANG_CXX_LANGUAGE_STANDARD = "gnu++14";
				CLANG_CXX_LIBRARY = "libc++";
				CLANG_ENABLE_MODULES = YES;
				CLANG_ENABLE_OBJC_ARC = YES;
				CLANG_WARN_BLOCK_CAPTURE_AUTORELEASING = YES;
				CLANG_WARN_BOOL_CONVERSION = YES;
				CLANG_WARN_COMMA = YES;
				CLANG_WARN_CONSTANT_CONVERSION = YES;
				CLANG_WARN_DIRECT_OBJC_ISA_USAGE = YES_ERROR;
				CLANG_WARN_DOCUMENTATION_COMMENTS = YES;
				CLANG_WARN_EMPTY_BODY = YES;
				CLANG_WARN_ENUM_CONVERSION = YES;
				CLANG_WARN_INFINITE_RECURSION = YES;
				CLANG_WARN_INT_CONVERSION = YES;
				CLANG_WARN_NON_LITERAL_NULL_CONVERSION = YES;
				CLANG_WARN_OBJC_LITERAL_CONVERSION = YES;
				CLANG_WARN_OBJC_ROOT_CLASS = YES_ERROR;
				CLANG_WARN_RANGE_LOOP_ANALYSIS = YES;
				CLANG_WARN_STRICT_PROTOTYPES = YES;
				CLANG_WARN_SUSPICIOUS_MOVE = YES;
				CLANG_WARN_UNGUARDED_AVAILABILITY = YES_AGGRESSIVE;
				CLANG_WARN_UNREACHABLE_CODE = YES;
				CLANG_WARN__DUPLICATE_METHOD_MATCH = YES;
				CODE_SIGN_IDENTITY = "iPhone Developer";
				COPY_PHASE_STRIP = NO;
				DEBUG_INFORMATION_FORMAT = dwarf;
				ENABLE_STRICT_OBJC_MSGSEND = YES;
				ENABLE_TESTABILITY = YES;
				GCC_C_LANGUAGE_STANDARD = gnu11;
				GCC_DYNAMIC_NO_PIC = NO;
				GCC_NO_COMMON_BLOCKS = YES;
				GCC_OPTIMIZATION_LEVEL = 0;
				GCC_PREPROCESSOR_DEFINITIONS = (
					"DEBUG=1",
					"$(inherited)",
				);
				GCC_WARN_64_TO_32_BIT_CONVERSION = YES;
				GCC_WARN_ABOUT_RETURN_TYPE = YES_ERROR;
				GCC_WARN_UNDECLARED_SELECTOR = YES;
				GCC_WARN_UNINITIALIZED_AUTOS = YES_AGGRESSIVE;
				GCC_WARN_UNUSED_FUNCTION = YES;
				GCC_WARN_UNUSED_VARIABLE = YES;
				IPHONEOS_DEPLOYMENT_TARGET = 11.2;
				MTL_ENABLE_DEBUG_INFO = YES;
				ONLY_ACTIVE_ARCH = YES;
				SDKROOT = iphoneos;
				SWIFT_ACTIVE_COMPILATION_CONDITIONS = DEBUG;
				SWIFT_OPTIMIZATION_LEVEL = "-Onone";
			};
			name = Debug;
		};
		F515807C200ADE9F00F6329D /* Release */ = {
			isa = XCBuildConfiguration;
			buildSettings = {
				ALWAYS_SEARCH_USER_PATHS = NO;
				CLANG_ANALYZER_NONNULL = YES;
				CLANG_ANALYZER_NUMBER_OBJECT_CONVERSION = YES_AGGRESSIVE;
				CLANG_CXX_LANGUAGE_STANDARD = "gnu++14";
				CLANG_CXX_LIBRARY = "libc++";
				CLANG_ENABLE_MODULES = YES;
				CLANG_ENABLE_OBJC_ARC = YES;
				CLANG_WARN_BLOCK_CAPTURE_AUTORELEASING = YES;
				CLANG_WARN_BOOL_CONVERSION = YES;
				CLANG_WARN_COMMA = YES;
				CLANG_WARN_CONSTANT_CONVERSION = YES;
				CLANG_WARN_DIRECT_OBJC_ISA_USAGE = YES_ERROR;
				CLANG_WARN_DOCUMENTATION_COMMENTS = YES;
				CLANG_WARN_EMPTY_BODY = YES;
				CLANG_WARN_ENUM_CONVERSION = YES;
				CLANG_WARN_INFINITE_RECURSION = YES;
				CLANG_WARN_INT_CONVERSION = YES;
				CLANG_WARN_NON_LITERAL_NULL_CONVERSION = YES;
				CLANG_WARN_OBJC_LITERAL_CONVERSION = YES;
				CLANG_WARN_OBJC_ROOT_CLASS = YES_ERROR;
				CLANG_WARN_RANGE_LOOP_ANALYSIS = YES;
				CLANG_WARN_STRICT_PROTOTYPES = YES;
				CLANG_WARN_SUSPICIOUS_MOVE = YES;
				CLANG_WARN_UNGUARDED_AVAILABILITY = YES_AGGRESSIVE;
				CLANG_WARN_UNREACHABLE_CODE = YES;
				CLANG_WARN__DUPLICATE_METHOD_MATCH = YES;
				CODE_SIGN_IDENTITY = "iPhone Developer";
				COPY_PHASE_STRIP = NO;
				DEBUG_INFORMATION_FORMAT = "dwarf-with-dsym";
				ENABLE_NS_ASSERTIONS = NO;
				ENABLE_STRICT_OBJC_MSGSEND = YES;
				GCC_C_LANGUAGE_STANDARD = gnu11;
				GCC_NO_COMMON_BLOCKS = YES;
				GCC_WARN_64_TO_32_BIT_CONVERSION = YES;
				GCC_WARN_ABOUT_RETURN_TYPE = YES_ERROR;
				GCC_WARN_UNDECLARED_SELECTOR = YES;
				GCC_WARN_UNINITIALIZED_AUTOS = YES_AGGRESSIVE;
				GCC_WARN_UNUSED_FUNCTION = YES;
				GCC_WARN_UNUSED_VARIABLE = YES;
				IPHONEOS_DEPLOYMENT_TARGET = 11.2;
				MTL_ENABLE_DEBUG_INFO = NO;
				SDKROOT = iphoneos;
				SWIFT_OPTIMIZATION_LEVEL = "-Owholemodule";
				VALIDATE_PRODUCT = YES;
			};
			name = Release;
		};
		F515807E200ADE9F00F6329D /* Debug */ = {
			isa = XCBuildConfiguration;
			buildSettings = {
				ASSETCATALOG_COMPILER_APPICON_NAME = AppIcon;
				CODE_SIGN_STYLE = Automatic;
				INFOPLIST_FILE = "$(SRCROOT)/Food Pin/Resources/Info.plist";
				LD_RUNPATH_SEARCH_PATHS = "$(inherited) @executable_path/Frameworks";
				PRODUCT_BUNDLE_IDENTIFIER = "io.timmoore.Food-Pin";
				PRODUCT_NAME = "$(TARGET_NAME)";
				SWIFT_VERSION = 4.0;
				TARGETED_DEVICE_FAMILY = "1,2";
			};
			name = Debug;
		};
		F515807F200ADE9F00F6329D /* Release */ = {
			isa = XCBuildConfiguration;
			buildSettings = {
				ASSETCATALOG_COMPILER_APPICON_NAME = AppIcon;
				CODE_SIGN_STYLE = Automatic;
				INFOPLIST_FILE = "$(SRCROOT)/Food Pin/Resources/Info.plist";
				LD_RUNPATH_SEARCH_PATHS = "$(inherited) @executable_path/Frameworks";
				PRODUCT_BUNDLE_IDENTIFIER = "io.timmoore.Food-Pin";
				PRODUCT_NAME = "$(TARGET_NAME)";
				SWIFT_VERSION = 4.0;
				TARGETED_DEVICE_FAMILY = "1,2";
			};
			name = Release;
		};
/* End XCBuildConfiguration section */

/* Begin XCConfigurationList section */
		F5158066200ADE9E00F6329D /* Build configuration list for PBXProject "Food Pin" */ = {
			isa = XCConfigurationList;
			buildConfigurations = (
				F515807B200ADE9F00F6329D /* Debug */,
				F515807C200ADE9F00F6329D /* Release */,
			);
			defaultConfigurationIsVisible = 0;
			defaultConfigurationName = Release;
		};
		F515807D200ADE9F00F6329D /* Build configuration list for PBXNativeTarget "Food Pin" */ = {
			isa = XCConfigurationList;
			buildConfigurations = (
				F515807E200ADE9F00F6329D /* Debug */,
				F515807F200ADE9F00F6329D /* Release */,
			);
			defaultConfigurationIsVisible = 0;
			defaultConfigurationName = Release;
		};
/* End XCConfigurationList section */
	};
	rootObject = F5158063200ADE9E00F6329D /* Project object */;
}
